{
    "name": "myApp",
    "lockfileVersion": 3,
    "requires": true,
    "packages": {
        "": {
            "name": "myApp",
            "dependencies": {
                "@chirimen/ads1015": "latest",
                "@chirimen/ads1x15": "latest",
                "@chirimen/adt7410": "latest",
                "@chirimen/aht10": "^1.0.0",
                "@chirimen/ak8963": "latest",
                "@chirimen/amg8833": "latest",
                "@chirimen/apds9960": "latest",
                "@chirimen/arduino-stepping-motor": "latest",
                "@chirimen/as3935": "latest",
                "@chirimen/bh1750": "latest",
                "@chirimen/bme280": "latest",
                "@chirimen/bme680": "latest",
                "@chirimen/bmp180": "latest",
                "@chirimen/bmp280": "latest",
                "@chirimen/canzasi": "latest",
                "@chirimen/ccs811": "latest",
                "@chirimen/gp2y0e03": "latest",
                "@chirimen/grove-accelerometer": "latest",
                "@chirimen/grove-gesture": "latest",
                "@chirimen/grove-light": "latest",
                "@chirimen/grove-oled-display": "latest",
                "@chirimen/grove-touch": "latest",
                "@chirimen/hello-world": "latest",
                "@chirimen/ht16k33": "latest",
                "@chirimen/htu21d": "latest",
                "@chirimen/icm20948": "latest",
                "@chirimen/ina219": "latest",
                "@chirimen/ltr390": "latest",
                "@chirimen/microbit": "latest",
                "@chirimen/mlx90614": "latest",
                "@chirimen/mpu6050": "latest",
                "@chirimen/mpu6500": "latest",
                "@chirimen/neopixel-i2c": "latest",
                "@chirimen/pca9685": "latest",
                "@chirimen/pca9685-pwm": "latest",
                "@chirimen/pcf8591": "latest",
                "@chirimen/s11059": "latest",
                "@chirimen/scd40": "latest",
                "@chirimen/seesaw": "latest",
                "@chirimen/sgp40": "latest",
                "@chirimen/sht30": "latest",
                "@chirimen/tca9548a": "latest",
                "@chirimen/tcs34725": "latest",
                "@chirimen/tsl2591": "latest",
                "@chirimen/veml6070": "latest",
                "@chirimen/vl53l0x": "latest",
                "@chirimen/vl53l1x": "latest",
                "node-web-gpio": "latest",
                "node-web-i2c": "latest",
                "pi-camera-connect": "^0.3.4",
                "require": "^0.4.4",
                "websocket": "^1.0.34",
                "ws": "^8.16.0"
            }
        },
        "node_modules/@chirimen/ads1015": {
            "version": "1.0.5",
            "resolved": "https://registry.npmjs.org/@chirimen/ads1015/-/ads1015-1.0.5.tgz",
            "integrity": "sha512-GQSrePH0BGxtq8hOhiydR7I8vk18raPeTfCrodwYEkSNe+0ylMMeI4rVXOJrpiEwyTYg2VPHXcv9LUI0Up+NNg=="
        },
        "node_modules/@chirimen/ads1x15": {
            "version": "1.0.3",
            "resolved": "https://registry.npmjs.org/@chirimen/ads1x15/-/ads1x15-1.0.3.tgz",
            "integrity": "sha512-A/VYNPuUReznizt2mub98eGFrl+CPzuokvUmNuAppXjbKcODpiKGxaLlx3hjzNVkNJ7Csi7L5svc6fBZxeBETQ=="
        },
        "node_modules/@chirimen/adt7410": {
            "version": "1.0.7",
            "resolved": "https://registry.npmjs.org/@chirimen/adt7410/-/adt7410-1.0.7.tgz",
            "integrity": "sha512-WWQYZM4jJgEaF8WQys7GszuQdytRF416Zg9kIwdM73sFHSa12Ficu7KyxuX0ME445bObnHFOoJqi7FuUPm0F0Q=="
        },
        "node_modules/@chirimen/aht10": {
            "version": "1.0.0",
            "resolved": "https://registry.npmjs.org/@chirimen/aht10/-/aht10-1.0.0.tgz",
            "integrity": "sha512-0Gfm/KMXHY17DMOaY9M4ay9rUxEHTZwoTr6ISt/rO9qWZEAf8kNssDvour9qBg3wkuoZNvnmDlpCPfUATimEBw=="
        },
        "node_modules/@chirimen/ak8963": {
            "version": "1.0.3",
            "resolved": "https://registry.npmjs.org/@chirimen/ak8963/-/ak8963-1.0.3.tgz",
            "integrity": "sha512-WurlfsSuZzSuWz3B4yUch4Id0CQpKyAiA+M62Te1egPQsEj7RYJo4J/NIgIk+y/mSap4jULTHaqdk5eKisPhyA=="
        },
        "node_modules/@chirimen/amg8833": {
            "version": "1.0.3",
            "resolved": "https://registry.npmjs.org/@chirimen/amg8833/-/amg8833-1.0.3.tgz",
            "integrity": "sha512-bUYmGTka+1ZyDUVXVb0zP6lRiLf2kSoUQ/3WwbXLhwKq/uSxHM4pbYRSdKV2fFdlUeuBUt9SnoXlhQbvgxCniA=="
        },
        "node_modules/@chirimen/apds9960": {
            "version": "1.0.2",
            "resolved": "https://registry.npmjs.org/@chirimen/apds9960/-/apds9960-1.0.2.tgz",
            "integrity": "sha512-m/Hj8OIw0mTG13lthfez99OxS1d+SJPDbkDirhs68ygjavQgfUbjwBsmv/9be8i0K7RdeIxRj/YEWWuscQmkRQ=="
        },
        "node_modules/@chirimen/arduino-stepping-motor": {
            "version": "1.0.3",
            "resolved": "https://registry.npmjs.org/@chirimen/arduino-stepping-motor/-/arduino-stepping-motor-1.0.3.tgz",
            "integrity": "sha512-eLgm7fbSYHLcnb6DJumFcnLaEVacts1e7e/h/9IAwh4h7qOgm70JHoPU9u0FfBCqydAqfzhug6OyFCAhWB3/Ag=="
        },
        "node_modules/@chirimen/as3935": {
            "version": "1.0.0",
            "resolved": "https://registry.npmjs.org/@chirimen/as3935/-/as3935-1.0.0.tgz",
            "integrity": "sha512-KPynSLx/w7kseW141Nm46I5We4oYnsUTa23W22UCpBK7rqUiJgXRJw/Fk2RXctu35kByZB1He9oOD/wLN//aBQ=="
        },
        "node_modules/@chirimen/bh1750": {
            "version": "1.0.3",
            "resolved": "https://registry.npmjs.org/@chirimen/bh1750/-/bh1750-1.0.3.tgz",
            "integrity": "sha512-sPW4KU7TEmggvz/YE3Q8FZPamoXByYf2g++7HAjQg4rhYKQ/2AXeBwG641LQO9ruYr4obGex7InuO2LJx7q7GQ=="
        },
        "node_modules/@chirimen/bme280": {
            "version": "1.0.3",
            "resolved": "https://registry.npmjs.org/@chirimen/bme280/-/bme280-1.0.3.tgz",
            "integrity": "sha512-Wsqh8zDhf/duQbMTEONACmd3BczgKtJOyPSanCqzhxPivr7A1m967srE2VT1bJBszz6mEuWP6GLQZJEebl27Xw=="
        },
        "node_modules/@chirimen/bme680": {
            "version": "1.0.0",
            "resolved": "https://registry.npmjs.org/@chirimen/bme680/-/bme680-1.0.0.tgz",
            "integrity": "sha512-3Al7jyfjpXN30zI7AZSawysoytzwyeo7WjwD9iKJeD2rGO4mKPhW8KKLh92Kz7+QwJjSZIvwIqgHoXMdkcv4wA=="
        },
        "node_modules/@chirimen/bmp180": {
            "version": "1.0.3",
            "resolved": "https://registry.npmjs.org/@chirimen/bmp180/-/bmp180-1.0.3.tgz",
            "integrity": "sha512-+0PEKJU0vFnr5siGbGJCeGjW8ncAQ18rm+VXKAtHbvguvsbZy45C/s0b23GiehQXcyyQarBGwxDP80+L27YV0A=="
        },
        "node_modules/@chirimen/bmp280": {
            "version": "1.0.3",
            "resolved": "https://registry.npmjs.org/@chirimen/bmp280/-/bmp280-1.0.3.tgz",
            "integrity": "sha512-oUMmez0pzmU6MQKOMB7cyF2KnOnKil0gDIt3IcjoY+sIHoS50W0PnPlNwhK1w+JuNRWlQ7xPQoKYbUx4Bc0RRQ=="
        },
        "node_modules/@chirimen/canzasi": {
            "version": "1.0.3",
            "resolved": "https://registry.npmjs.org/@chirimen/canzasi/-/canzasi-1.0.3.tgz",
            "integrity": "sha512-HV2Ij/+N3xjOs1mi7b9TqmLQMReLgXOVclr7xqjV4FwlAt7+rs0ptErWd5FX6zWKoSIFcEkJkyFC9F5u570B1w=="
        },
        "node_modules/@chirimen/ccs811": {
            "version": "1.0.1",
            "resolved": "https://registry.npmjs.org/@chirimen/ccs811/-/ccs811-1.0.1.tgz",
            "integrity": "sha512-0Vsh3p02VyQIDz+DjKn78uidynzlo/bxCZB70+hT01PzGXGzFKSVekTX+W4H1/a959S0MNk2kg5dJdthWJ7jOQ=="
        },
        "node_modules/@chirimen/gp2y0e03": {
            "version": "1.0.5",
            "resolved": "https://registry.npmjs.org/@chirimen/gp2y0e03/-/gp2y0e03-1.0.5.tgz",
            "integrity": "sha512-U9jPUtquV3US8cBGAVu2KADxIHIseKsKrp4i/8WP+BlY9qzX5aw25rkwSt+mKYXohEITWixqHUFUvjFcPe1zCA=="
        },
        "node_modules/@chirimen/grove-accelerometer": {
            "version": "1.0.4",
            "resolved": "https://registry.npmjs.org/@chirimen/grove-accelerometer/-/grove-accelerometer-1.0.4.tgz",
            "integrity": "sha512-+C/r/b+ZhSJSzpigFJf0FcjWKeeYwe+8wq/gfwkskfXENz9Xf8STk2DZRMKNWHrdD0rnnsutLgdI303UgcxrqA=="
        },
        "node_modules/@chirimen/grove-gesture": {
            "version": "1.0.4",
            "resolved": "https://registry.npmjs.org/@chirimen/grove-gesture/-/grove-gesture-1.0.4.tgz",
            "integrity": "sha512-c9MHjIG+fEl4LpZKIb6BUk/J67TQH+QxcZyvQvlSVbbryth3rXxkbYoPtS5SaY0mNShdRk4vRnEAgOz3fko35A=="
        },
        "node_modules/@chirimen/grove-light": {
            "version": "1.0.4",
            "resolved": "https://registry.npmjs.org/@chirimen/grove-light/-/grove-light-1.0.4.tgz",
            "integrity": "sha512-dEOBU15D0W7Wws/8+v3YD8BhitCqX3g4z/dycPuk2ykYzvruzL1CPSwLxNuSA0XCpsd2aoOnO+JMSLU6kPRBSw=="
        },
        "node_modules/@chirimen/grove-oled-display": {
            "version": "1.1.4",
            "resolved": "https://registry.npmjs.org/@chirimen/grove-oled-display/-/grove-oled-display-1.1.4.tgz",
            "integrity": "sha512-TwwWeFG3hTvjNpr77A48Jh78ARMk8Nsi27qceYBe8XWdQE+BvhWHSrBQcLFZVVQBLvhy+G0ZdJAXfkglGH4VYw=="
        },
        "node_modules/@chirimen/grove-touch": {
            "version": "1.0.4",
            "resolved": "https://registry.npmjs.org/@chirimen/grove-touch/-/grove-touch-1.0.4.tgz",
            "integrity": "sha512-wk2FOf0U+h2xYAUVw47Jdq4iahhn2FfOQs7l9unGv+L7J3Tt5NPt96j7E+cg2eAhLlZ5AT0hse/LP/jNhMExdA=="
        },
        "node_modules/@chirimen/hello-world": {
            "version": "0.0.2",
            "resolved": "https://registry.npmjs.org/@chirimen/hello-world/-/hello-world-0.0.2.tgz",
            "integrity": "sha512-KsqAm8T2QrUDOT3AXdK3uFpNoBeJm2Z98tYkNLVghkhRZRKGGViWOzOaxcUBhU2m0Fe9W6tUCesaSNFSv5SBoA=="
        },
        "node_modules/@chirimen/ht16k33": {
            "version": "1.0.1",
            "resolved": "https://registry.npmjs.org/@chirimen/ht16k33/-/ht16k33-1.0.1.tgz",
            "integrity": "sha512-GhNt+4oH/vzP8PJ2govEJWR1e8ZrV172w+iJ46GrTfZG6Won+PMQ5+yvLLwPijLc9m/4oa5lNILV2D/p+25X/w=="
        },
        "node_modules/@chirimen/htu21d": {
            "version": "1.0.0",
            "resolved": "https://registry.npmjs.org/@chirimen/htu21d/-/htu21d-1.0.0.tgz",
            "integrity": "sha512-vzufgQSf7JsDPPtOdW+kr2RKcG7rowDDfc0gBetpEvmNZY3QV6KRVv3SIu9AQg5RwWL9kMP3eKMztTPBPgb5tQ=="
        },
        "node_modules/@chirimen/icm20948": {
            "version": "1.0.0",
            "resolved": "https://registry.npmjs.org/@chirimen/icm20948/-/icm20948-1.0.0.tgz",
            "integrity": "sha512-zwk97tY6o6AIl5Gp9Oo5N1ZLshxm1xCXl6VI/7qvhpB3I22KRk347wfjcxdsOnEHTrqzdDp+B6kIY4RtifS2vA=="
        },
        "node_modules/@chirimen/ina219": {
            "version": "1.0.3",
            "resolved": "https://registry.npmjs.org/@chirimen/ina219/-/ina219-1.0.3.tgz",
            "integrity": "sha512-xNZNYRCXksU9Gd7I80ww586MyFWFZTpaoe8bbhxkjfmpcyi9PYO/+9hQDA+ZUUXokIy0AL1uFrYpaF5VRPdv4w=="
        },
        "node_modules/@chirimen/ltr390": {
            "version": "1.0.0",
            "resolved": "https://registry.npmjs.org/@chirimen/ltr390/-/ltr390-1.0.0.tgz",
            "integrity": "sha512-MZnJ7+GckcRI5sY8rYuwZN3zVks4zxSjjGS/UftfKMuzYFw8RJKALJrPy/26RuJLa33SCVz+MfZSCS0CTOumsw=="
        },
        "node_modules/@chirimen/microbit": {
            "version": "1.1.1",
            "resolved": "https://registry.npmjs.org/@chirimen/microbit/-/microbit-1.1.1.tgz",
            "integrity": "sha512-N5KjzVwbBlYWFUzEOhZwOq1A0lEgMJiFjcFW7btEWUffbaPbO/1vYJzZZ3mHfWj4QLHk0RRxVPqMjGVRAQOvAw=="
        },
        "node_modules/@chirimen/mlx90614": {
            "version": "1.0.3",
            "resolved": "https://registry.npmjs.org/@chirimen/mlx90614/-/mlx90614-1.0.3.tgz",
            "integrity": "sha512-m+TZP+Ofdls13F1DaOIc/mcAf82mlvvboDBK5oCz4UKpxB5APqykskmk+olaXXDJElPPNMKvG5iO6XHWxS3pIg=="
        },
        "node_modules/@chirimen/mpu6050": {
            "version": "1.0.3",
            "resolved": "https://registry.npmjs.org/@chirimen/mpu6050/-/mpu6050-1.0.3.tgz",
            "integrity": "sha512-YDDx5Ej4G8O0NPMCZt1nnq0/MI0S8gpiDByr9IdyAg338AMwr26Sq9jWjzNheF7nWRiNIyENeCtCZ6iKjpaBCw=="
        },
        "node_modules/@chirimen/mpu6500": {
            "version": "1.0.3",
            "resolved": "https://registry.npmjs.org/@chirimen/mpu6500/-/mpu6500-1.0.3.tgz",
            "integrity": "sha512-mNWT2aJ6F1TBcW+h82P0JWu/jsGIU9pRe6KnTqxp702T9WEqrYuvoE5wd1cX0LtAYjQt9YoSZTkA2fk74xh6hQ=="
        },
        "node_modules/@chirimen/neopixel-i2c": {
            "version": "1.0.3",
            "resolved": "https://registry.npmjs.org/@chirimen/neopixel-i2c/-/neopixel-i2c-1.0.3.tgz",
            "integrity": "sha512-W3ZZDa1/NqAz9dZXc1/2t+fhgy3NIMcUMNo1AlLu/zsOKjnF0YAmvtS0X9qQoryLOsmRNl7QMXqPKfJUE08U6w=="
        },
        "node_modules/@chirimen/pca9685": {
            "version": "1.0.7",
            "resolved": "https://registry.npmjs.org/@chirimen/pca9685/-/pca9685-1.0.7.tgz",
            "integrity": "sha512-LktEWn5YY4JDhS/tofi8nRntjm5JHIrlE3kikKxG0+MOSKpiYLzfaBumFug5mC9Djz9YQBhfUywxn4bQaeTonA=="
        },
        "node_modules/@chirimen/pca9685-pwm": {
            "version": "1.0.3",
            "resolved": "https://registry.npmjs.org/@chirimen/pca9685-pwm/-/pca9685-pwm-1.0.3.tgz",
            "integrity": "sha512-0Uxs3gJ/OlklQVhufaKqmTD59lBYBLkNSn4Xzqf45dibd+cQMHPXVvOOQxwwlbXEGtJyvf1BPLqJltW4tWloHQ=="
        },
        "node_modules/@chirimen/pcf8591": {
            "version": "1.0.3",
            "resolved": "https://registry.npmjs.org/@chirimen/pcf8591/-/pcf8591-1.0.3.tgz",
            "integrity": "sha512-rn7hQvwm/Qb7VRr1R8ZYIqTrM2R2q92Cr3atcikmUnm2pHRVEWQ91ZqHvLWFT6JEguBWHpRWOA9ue3F+xIvwYw=="
        },
        "node_modules/@chirimen/s11059": {
            "version": "1.0.6",
            "resolved": "https://registry.npmjs.org/@chirimen/s11059/-/s11059-1.0.6.tgz",
            "integrity": "sha512-NTscX183YW+8quz0yg4m1OHHefJzpFv2yCZP+9BhTV3eXKrDYnQjRanv8MrvQeU4xEjQcdAnjYxuLJhRLLraZw=="
        },
        "node_modules/@chirimen/scd40": {
            "version": "1.0.2",
            "resolved": "https://registry.npmjs.org/@chirimen/scd40/-/scd40-1.0.2.tgz",
            "integrity": "sha512-GNO9nsJ/vi11a5Fzmki7lut9Wlqd8N1xfIMZzYHy8LD/lTT6UDR/BFb1B9+lkV+k6rvMeujLh25sVblBGc3oMg=="
        },
        "node_modules/@chirimen/seesaw": {
            "version": "1.0.3",
            "resolved": "https://registry.npmjs.org/@chirimen/seesaw/-/seesaw-1.0.3.tgz",
            "integrity": "sha512-jux6VUTx+wx8fwsSp0ywtMEUmiycguqlZhfOo2IzIKp5aGtFeZS5mzGQ24rT0Hf+w/0MQpsAtGIhmjZvcUZznw=="
        },
        "node_modules/@chirimen/sgp40": {
            "version": "1.0.0",
            "resolved": "https://registry.npmjs.org/@chirimen/sgp40/-/sgp40-1.0.0.tgz",
            "integrity": "sha512-hbEbqaSU0dguhNHNa9Nf/mSWjYh9rABSNDTKjElOFdxF2DSwnd8OM0T5O0TIQ1CyLKeMB4C8Yt1tOSFZKT0WJw=="
        },
        "node_modules/@chirimen/sht30": {
            "version": "1.0.3",
            "resolved": "https://registry.npmjs.org/@chirimen/sht30/-/sht30-1.0.3.tgz",
            "integrity": "sha512-S6LUFYjSdIPSaK8RukEYD+UKS4yKpiFfMbUK9m9Phbsa704SQAvo+bUtbPqJko+XZX8lADXr12BdEW8QrLl+Qw=="
        },
        "node_modules/@chirimen/tca9548a": {
            "version": "1.0.6",
            "resolved": "https://registry.npmjs.org/@chirimen/tca9548a/-/tca9548a-1.0.6.tgz",
            "integrity": "sha512-EgQlVMChXq6m67vTfOhghW/gHWgBzpGuIjeEvxuQfsQe2zs3xuXEwr9S/uPTGJQ8rvIJfezqYcRZWdTuk9g9Zw=="
        },
        "node_modules/@chirimen/tcs34725": {
            "version": "1.0.3",
            "resolved": "https://registry.npmjs.org/@chirimen/tcs34725/-/tcs34725-1.0.3.tgz",
            "integrity": "sha512-CUufHThMjyMMbajVx8m+SB8C9lMYO6LNUQK624vXuMNghraTL/tvis589uOczoCfekVEBjlCtF2QVJL0uBhoYA=="
        },
        "node_modules/@chirimen/tsl2591": {
            "version": "1.0.0",
            "resolved": "https://registry.npmjs.org/@chirimen/tsl2591/-/tsl2591-1.0.0.tgz",
            "integrity": "sha512-XIRK8x63TLcW5v2v5UU5/kzWVjpWnlcoNZO03/tkoMHvUy9COeerh6n5UWdgaEbXQ+eXOXbk27I933u/9Bdn9w=="
        },
        "node_modules/@chirimen/veml6070": {
            "version": "1.0.4",
            "resolved": "https://registry.npmjs.org/@chirimen/veml6070/-/veml6070-1.0.4.tgz",
            "integrity": "sha512-W9XblEGwFpxmWoHQTI3fohzej1GFz0xR3ccvZctvJm+1+bx5g5Gn6dhSAGsC7oky2i0SxteM2moYt1SU9K40mA=="
        },
        "node_modules/@chirimen/vl53l0x": {
            "version": "1.0.7",
            "resolved": "https://registry.npmjs.org/@chirimen/vl53l0x/-/vl53l0x-1.0.7.tgz",
            "integrity": "sha512-26A8mHwOADhbESwmabksxFGmnFXaglojDosTq9upyrPZv7SwqQ59gkFuO2wXxeSlgKajs9og8JuL3utyz2iOLA=="
        },
        "node_modules/@chirimen/vl53l1x": {
            "version": "1.0.3",
            "resolved": "https://registry.npmjs.org/@chirimen/vl53l1x/-/vl53l1x-1.0.3.tgz",
            "integrity": "sha512-8+zoc7ZKr9dsY9dMWqbjmTwml6Li37FR9whIkj1MAnxlddm4/lwJSmcTLD+V6OKxPUN0876exWWsBmAZ+9Np/g=="
        },
        "node_modules/@types/i2c-bus": {
            "version": "5.1.0",
            "resolved": "https://registry.npmjs.org/@types/i2c-bus/-/i2c-bus-5.1.0.tgz",
            "integrity": "sha512-zBwBpfaFzKtYaS2j/sh+m/zKRcbXuG26/wWlJq3F9+oWXQ9DSxuJXOU+t1PMorj3DBZzpLO8LqbVTGRE1PUb3g==",
            "dependencies": {
                "@types/node": "*"
            }
        },
        "node_modules/@types/node": {
            "version": "18.17.11",
            "resolved": "https://registry.npmjs.org/@types/node/-/node-18.17.11.tgz",
            "integrity": "sha512-r3hjHPBu+3LzbGBa8DHnr/KAeTEEOrahkcL+cZc4MaBMTM+mk8LtXR+zw+nqfjuDZZzYTYgTcpHuP+BEQk069g=="
        },
        "node_modules/bindings": {
            "version": "1.5.0",
            "resolved": "https://registry.npmjs.org/bindings/-/bindings-1.5.0.tgz",
            "integrity": "sha512-p2q/t/mhvuOj/UeLlV6566GD/guowlr0hHxClI0W9m7MWYkL1F0hLo+0Aexs9HSPCtR1SXQ0TD3MMKrXZajbiQ==",
            "dependencies": {
                "file-uri-to-path": "1.0.0"
            }
        },
        "node_modules/bufferutil": {
            "version": "4.0.7",
            "resolved": "https://registry.npmjs.org/bufferutil/-/bufferutil-4.0.7.tgz",
            "integrity": "sha512-kukuqc39WOHtdxtw4UScxF/WVnMFVSQVKhtx3AjZJzhd0RGZZldcrfSEbVsWWe6KNH253574cq5F+wpv0G9pJw==",
            "hasInstallScript": true,
            "dependencies": {
                "node-gyp-build": "^4.3.0"
            },
            "engines": {
                "node": ">=6.14.2"
            }
        },
        "node_modules/d": {
            "version": "1.0.1",
            "resolved": "https://registry.npmjs.org/d/-/d-1.0.1.tgz",
            "integrity": "sha512-m62ShEObQ39CfralilEQRjH6oAMtNCV1xJyEx5LpRYUVN+EviphDgUc/F3hnYbADmkiNs67Y+3ylmlG7Lnu+FA==",
            "dependencies": {
                "es5-ext": "^0.10.50",
                "type": "^1.0.1"
            }
        },
        "node_modules/debug": {
            "version": "2.6.9",
            "resolved": "https://registry.npmjs.org/debug/-/debug-2.6.9.tgz",
            "integrity": "sha512-bC7ElrdJaJnPbAP+1EotYvqZsb3ecl5wi6Bfi6BJTUcNowp6cvspg0jXznRTKDjm/E7AdgFBVeAPVMNcKGsHMA==",
            "dependencies": {
                "ms": "2.0.0"
            }
        },
        "node_modules/es5-ext": {
            "version": "0.10.62",
            "resolved": "https://registry.npmjs.org/es5-ext/-/es5-ext-0.10.62.tgz",
            "integrity": "sha512-BHLqn0klhEpnOKSrzn/Xsz2UIW8j+cGmo9JLzr8BiUapV8hPL9+FliFqjwr9ngW7jWdnxv6eO+/LqyhJVqgrjA==",
            "hasInstallScript": true,
            "dependencies": {
                "es6-iterator": "^2.0.3",
                "es6-symbol": "^3.1.3",
                "next-tick": "^1.1.0"
            },
            "engines": {
                "node": ">=0.10"
            }
        },
        "node_modules/es6-iterator": {
            "version": "2.0.3",
            "resolved": "https://registry.npmjs.org/es6-iterator/-/es6-iterator-2.0.3.tgz",
            "integrity": "sha512-zw4SRzoUkd+cl+ZoE15A9o1oQd920Bb0iOJMQkQhl3jNc03YqVjAhG7scf9C5KWRU/R13Orf588uCC6525o02g==",
            "dependencies": {
                "d": "1",
                "es5-ext": "^0.10.35",
                "es6-symbol": "^3.1.1"
            }
        },
        "node_modules/es6-symbol": {
            "version": "3.1.3",
            "resolved": "https://registry.npmjs.org/es6-symbol/-/es6-symbol-3.1.3.tgz",
            "integrity": "sha512-NJ6Yn3FuDinBaBRWl/q5X/s4koRHBrgKAu+yGI6JCBeiu3qrcbJhwT2GeR/EXVfylRk8dpQVJoLEFhK+Mu31NA==",
            "dependencies": {
                "d": "^1.0.1",
                "ext": "^1.1.2"
            }
        },
        "node_modules/ext": {
            "version": "1.7.0",
            "resolved": "https://registry.npmjs.org/ext/-/ext-1.7.0.tgz",
            "integrity": "sha512-6hxeJYaL110a9b5TEJSj0gojyHQAmA2ch5Os+ySCiA1QGdS697XWY1pzsrSjqA9LDEEgdB/KypIlR59RcLuHYw==",
            "dependencies": {
                "type": "^2.7.2"
            }
        },
        "node_modules/ext/node_modules/type": {
            "version": "2.7.2",
            "resolved": "https://registry.npmjs.org/type/-/type-2.7.2.tgz",
            "integrity": "sha512-dzlvlNlt6AXU7EBSfpAscydQ7gXB+pPGsPnfJnZpiNJBDj7IaJzQlBZYGdEi4R9HmPdBv2XmWJ6YUtoTa7lmCw=="
        },
        "node_modules/file-uri-to-path": {
            "version": "1.0.0",
            "resolved": "https://registry.npmjs.org/file-uri-to-path/-/file-uri-to-path-1.0.0.tgz",
            "integrity": "sha512-0Zt+s3L7Vf1biwWZ29aARiVYLx7iMGnEUl9x33fbB/j3jR81u/O2LbqK+Bm1CDSNDKVtJ/YjwY7TUd5SkeLQLw=="
        },
        "node_modules/i2c-bus": {
            "version": "5.2.3",
            "resolved": "https://registry.npmjs.org/i2c-bus/-/i2c-bus-5.2.3.tgz",
            "integrity": "sha512-kzFgU0OSIZlaeUUa+VK7L+kkxnj4feimCVQDOPrzj0cTaB+hNweTsO8/j7QvW2gRgWQ7ds5IpfFjpBrX+fMNng==",
            "hasInstallScript": true,
            "dependencies": {
                "bindings": "^1.5.0",
                "nan": "^2.17.0"
            },
            "engines": {
                "node": ">=10.0.0"
            }
        },
        "node_modules/is-typedarray": {
            "version": "1.0.0",
            "resolved": "https://registry.npmjs.org/is-typedarray/-/is-typedarray-1.0.0.tgz",
            "integrity": "sha512-cyA56iCMHAh5CdzjJIa4aohJyeO1YbwLi3Jc35MmRU6poroFjIGZzUzupGiRPOjgHg9TLu43xbpwXk523fMxKA=="
        },
        "node_modules/ms": {
            "version": "2.0.0",
            "resolved": "https://registry.npmjs.org/ms/-/ms-2.0.0.tgz",
            "integrity": "sha512-Tpp60P6IUJDTuOq/5Z8cdskzJujfwqfOTkrwIwj7IRISpnkJnT6SyJ4PCPnGMoFjC9ddhal5KVIYtAt97ix05A=="
        },
        "node_modules/nan": {
            "version": "2.17.0",
            "resolved": "https://registry.npmjs.org/nan/-/nan-2.17.0.tgz",
            "integrity": "sha512-2ZTgtl0nJsO0KQCjEpxcIr5D+Yv90plTitZt9JBfQvVJDS5seMl3FOvsh3+9CoYWXf/1l5OaZzzF6nDm4cagaQ=="
        },
        "node_modules/next-tick": {
            "version": "1.1.0",
            "resolved": "https://registry.npmjs.org/next-tick/-/next-tick-1.1.0.tgz",
            "integrity": "sha512-CXdUiJembsNjuToQvxayPZF9Vqht7hewsvy2sOWafLvi2awflj9mOC6bHIg50orX8IJvWKY9wYQ/zB2kogPslQ=="
        },
        "node_modules/node-gyp-build": {
            "version": "4.6.0",
            "resolved": "https://registry.npmjs.org/node-gyp-build/-/node-gyp-build-4.6.0.tgz",
            "integrity": "sha512-NTZVKn9IylLwUzaKjkas1e4u2DLNcV4rdYagA4PWdPwW87Bi7z+BznyKSRwS/761tV/lzCGXplWsiaMjLqP2zQ==",
            "bin": {
                "node-gyp-build": "bin.js",
                "node-gyp-build-optional": "optional.js",
                "node-gyp-build-test": "build-test.js"
            }
        },
        "node_modules/node-web-gpio": {
            "version": "1.0.26",
            "resolved": "https://registry.npmjs.org/node-web-gpio/-/node-web-gpio-1.0.26.tgz",
            "integrity": "sha512-ypYzNA+vnQNAnG6TKnj+clC7Dxv7Nnb7QC73VYnjbnPITkdjcYjwGQZcd+w4vjn9UMm0Bx9LvEwbIAmJsYy9Jw=="
        },
        "node_modules/node-web-i2c": {
            "version": "1.1.31",
            "resolved": "https://registry.npmjs.org/node-web-i2c/-/node-web-i2c-1.1.31.tgz",
            "integrity": "sha512-iNu3PkwpMml1Gndhf6cbXmMxdNMbrqkmGyA5OTW0x+uoSh3myHQAmWkP3GaRIpxzbly/rdzo9HsagAlP/z49zQ==",
            "dependencies": {
                "@types/i2c-bus": "^5.1.0",
                "@types/node": "^18.0.0",
                "i2c-bus": "^5.2.2"
            }
        },
        "node_modules/pi-camera-connect": {
            "version": "0.3.4",
            "resolved": "https://registry.npmjs.org/pi-camera-connect/-/pi-camera-connect-0.3.4.tgz",
            "integrity": "sha512-0mVOJXYY8CvAuswWXs3OnL2+pOczjuLGHca+Q479mbOC+eS6wjMameTA66B0q5KVtTAB6YplS7/Q4rieojGEVg=="
        },
        "node_modules/require": {
            "version": "0.4.4",
            "resolved": "https://registry.npmjs.org/require/-/require-0.4.4.tgz",
            "integrity": "sha512-aCu6DCnZpKufLPwcXvXVf7rv9gXFojNBQvp/anIBIhTn8XLREnI/WTC4T4WPz4MYKFrRrJ1ocA76pMuH+laaMA==",
            "bin": {
                "require": "bin/require-command.js"
            },
            "engines": {
                "browsers": "*",
                "node": "*"
            }
        },
        "node_modules/type": {
            "version": "1.2.0",
            "resolved": "https://registry.npmjs.org/type/-/type-1.2.0.tgz",
            "integrity": "sha512-+5nt5AAniqsCnu2cEQQdpzCAh33kVx8n0VoFidKpB1dVVLAN/F+bgVOqOJqOnEnrhp222clB5p3vUlD+1QAnfg=="
        },
        "node_modules/typedarray-to-buffer": {
            "version": "3.1.5",
            "resolved": "https://registry.npmjs.org/typedarray-to-buffer/-/typedarray-to-buffer-3.1.5.tgz",
            "integrity": "sha512-zdu8XMNEDepKKR+XYOXAVPtWui0ly0NtohUscw+UmaHiAWT8hrV1rr//H6V+0DvJ3OQ19S979M0laLfX8rm82Q==",
            "dependencies": {
                "is-typedarray": "^1.0.0"
            }
        },
        "node_modules/utf-8-validate": {
            "version": "5.0.10",
            "resolved": "https://registry.npmjs.org/utf-8-validate/-/utf-8-validate-5.0.10.tgz",
            "integrity": "sha512-Z6czzLq4u8fPOyx7TU6X3dvUZVvoJmxSQ+IcrlmagKhilxlhZgxPK6C5Jqbkw1IDUmFTM+cz9QDnnLTwDz/2gQ==",
            "hasInstallScript": true,
            "dependencies": {
                "node-gyp-build": "^4.3.0"
            },
            "engines": {
                "node": ">=6.14.2"
            }
        },
        "node_modules/websocket": {
            "version": "1.0.34",
            "resolved": "https://registry.npmjs.org/websocket/-/websocket-1.0.34.tgz",
            "integrity": "sha512-PRDso2sGwF6kM75QykIesBijKSVceR6jL2G8NGYyq2XrItNC2P5/qL5XeR056GhA+Ly7JMFvJb9I312mJfmqnQ==",
            "dependencies": {
                "bufferutil": "^4.0.1",
                "debug": "^2.2.0",
                "es5-ext": "^0.10.50",
                "typedarray-to-buffer": "^3.1.5",
                "utf-8-validate": "^5.0.2",
                "yaeti": "^0.0.6"
            },
            "engines": {
                "node": ">=4.0.0"
            }
        },
        "node_modules/ws": {
            "version": "8.16.0",
            "resolved": "https://registry.npmjs.org/ws/-/ws-8.16.0.tgz",
            "integrity": "sha512-HS0c//TP7Ina87TfiPUz1rQzMhHrl/SG2guqRcTOIUYD2q8uhUdNHZYJUaQ8aTGPzCh+c6oawMKW35nFl1dxyQ==",
            "engines": {
                "node": ">=10.0.0"
            },
            "peerDependencies": {
                "bufferutil": "^4.0.1",
                "utf-8-validate": ">=5.0.2"
            },
            "peerDependenciesMeta": {
                "bufferutil": {
                    "optional": true
                },
                "utf-8-validate": {
                    "optional": true
                }
            }
        },
        "node_modules/yaeti": {
            "version": "0.0.6",
            "resolved": "https://registry.npmjs.org/yaeti/-/yaeti-0.0.6.tgz",
            "integrity": "sha512-MvQa//+KcZCUkBTIC9blM+CU9J2GzuTytsOUwf2lidtvkx/6gnEp1QvJv34t9vdjhFmha/mUiNDbN0D0mJWdug==",
            "engines": {
                "node": ">=0.10.32"
            }
        }
    }
}
